{
  "name": "cfnp-website",
  "version": "1.0.0",
  "lockfileVersion": 3,
  "requires": true,
  "packages": {
    "": {
      "name": "cfnp-website",
      "version": "1.0.0",
      "license": "ISC",
      "dependencies": {
        "kixx": "^5.2.0"
      },
      "engines": {
        "node": ">=18.0.0"
      }
    },
    "node_modules/kixx": {
      "version": "5.2.0",
      "resolved": "https://registry.npmjs.org/kixx/-/kixx-5.2.0.tgz",
      "integrity": "sha512-agaeHDkn/rvpAoyAIP3GM5TYxnXBhs+EoJe3edD1WW0Qn5THqyvGUzPRUnBI9o6IMgovaEoYJv9bmc6eB94Kyw==",
      "license": "MIT",
      "bin": {
        "kixx": "bin/kixx.js"
      },
      "engines": {
        "node": ">=16.13.2"
      }
    }
  }
}
